
Microsoft Visual Studio Solution File, Format Version 12.00
# Visual Studio Version 17
VisualStudioVersion = 17.3.32929.385
MinimumVisualStudioVersion = 10.0.40219.1
Project("{FAE04EC0-301F-11D3-BF4B-00C04F79EFBC}") = "10.19cw.keyboard", "10.19cw.keyboard\10.19cw.keyboard.csproj", "{08267039-C2CF-4691-B485-01E51870F02C}"
EndProject
Global
	GlobalSection(SolutionConfigurationPlatforms) = preSolution
		Debug|Any CPU = Debug|Any CPU
		Release|Any CPU = Release|Any CPU
	EndGlobalSection
	GlobalSection(ProjectConfigurationPlatforms) = postSolution
		{08267039-C2CF-4691-B485-01E51870F02C}.Debug|Any CPU.ActiveCfg = Debug|Any CPU
		{08267039-C2CF-4691-B485-01E51870F02C}.Debug|Any CPU.Build.0 = Debug|Any CPU
		{08267039-C2CF-4691-B485-01E51870F02C}.Release|Any CPU.ActiveCfg = Release|Any CPU
		{08267039-C2CF-4691-B485-01E51870F02C}.Release|Any CPU.Build.0 = Release|Any CPU
	EndGlobalSection
	GlobalSection(SolutionProperties) = preSolution
		HideSolutionNode = FALSE
	EndGlobalSection
	GlobalSection(ExtensibilityGlobals) = postSolution
		SolutionGuid = {E1D6F3D0-E68B-4B9B-8A8D-37242E051767}
	EndGlobalSection
EndGlobal
